
Microsoft Visual Studio Solution File, Format Version 12.00
# Visual Studio Version 17
VisualStudioVersion = 17.11.35222.181
MinimumVisualStudioVersion = 10.0.40219.1
Project("{FAE04EC0-301F-11D3-BF4B-00C04F79EFBC}") = "idealnaIlumnacja", "idealnaIlumnacja\idealnaIlumnacja.csproj", "{29EDAD41-9668-44B4-A68F-338330964B9A}"
EndProject
Global
	GlobalSection(SolutionConfigurationPlatforms) = preSolution
		Debug|Any CPU = Debug|Any CPU
		Release|Any CPU = Release|Any CPU
	EndGlobalSection
	GlobalSection(ProjectConfigurationPlatforms) = postSolution
		{29EDAD41-9668-44B4-A68F-338330964B9A}.Debug|Any CPU.ActiveCfg = Debug|Any CPU
		{29EDAD41-9668-44B4-A68F-338330964B9A}.Debug|Any CPU.Build.0 = Debug|Any CPU
		{29EDAD41-9668-44B4-A68F-338330964B9A}.Release|Any CPU.ActiveCfg = Release|Any CPU
		{29EDAD41-9668-44B4-A68F-338330964B9A}.Release|Any CPU.Build.0 = Release|Any CPU
	EndGlobalSection
	GlobalSection(SolutionProperties) = preSolution
		HideSolutionNode = FALSE
	EndGlobalSection
	GlobalSection(ExtensibilityGlobals) = postSolution
		SolutionGuid = {BA7E2D0D-8F0E-44B2-BE21-236E30D3A8AE}
	EndGlobalSection
EndGlobal
